
Microsoft Visual Studio Solution File, Format Version 12.00
# Visual Studio Version 16
VisualStudioVersion = 16.0.30804.86
MinimumVisualStudioVersion = 10.0.40219.1
Project("{F184B08F-C81C-45F6-A57F-5ABD9991F28F}") = "Ejercicio_RadioButton_ConIF", "Ejercicio_RadioButton_ConIF\Ejercicio_RadioButton_ConIF.vbproj", "{5E5A3598-1252-40FC-BF8C-C84F3C360F58}"
EndProject
Global
	GlobalSection(SolutionConfigurationPlatforms) = preSolution
		Debug|Any CPU = Debug|Any CPU
		Release|Any CPU = Release|Any CPU
	EndGlobalSection
	GlobalSection(ProjectConfigurationPlatforms) = postSolution
		{5E5A3598-1252-40FC-BF8C-C84F3C360F58}.Debug|Any CPU.ActiveCfg = Debug|Any CPU
		{5E5A3598-1252-40FC-BF8C-C84F3C360F58}.Debug|Any CPU.Build.0 = Debug|Any CPU
		{5E5A3598-1252-40FC-BF8C-C84F3C360F58}.Release|Any CPU.ActiveCfg = Release|Any CPU
		{5E5A3598-1252-40FC-BF8C-C84F3C360F58}.Release|Any CPU.Build.0 = Release|Any CPU
	EndGlobalSection
	GlobalSection(SolutionProperties) = preSolution
		HideSolutionNode = FALSE
	EndGlobalSection
	GlobalSection(ExtensibilityGlobals) = postSolution
		SolutionGuid = {E1C952CE-141F-4D3E-A104-87F40894A508}
	EndGlobalSection
EndGlobal
